// !$*UTF8*$!
{
	archiveVersion = 1;
	classes = {
	};
	objectVersion = 56;
	objects = {

/* Begin PBXBuildFile section */
		A7C74E622B51F31A004276F1 /* AppDelegate.swift in Sources */ = {isa = PBXBuildFile; fileRef = A7C74E612B51F31A004276F1 /* AppDelegate.swift */; };
		A7C74E642B51F31A004276F1 /* SceneDelegate.swift in Sources */ = {isa = PBXBuildFile; fileRef = A7C74E632B51F31A004276F1 /* SceneDelegate.swift */; };
		A7C74E662B51F31A004276F1 /* RMTabViewController.swift in Sources */ = {isa = PBXBuildFile; fileRef = A7C74E652B51F31A004276F1 /* RMTabViewController.swift */; };
		A7C74E6B2B51F31D004276F1 /* Assets.xcassets in Resources */ = {isa = PBXBuildFile; fileRef = A7C74E6A2B51F31D004276F1 /* Assets.xcassets */; };
		A7C74E6E2B51F31D004276F1 /* LaunchScreen.storyboard in Resources */ = {isa = PBXBuildFile; fileRef = A7C74E6C2B51F31D004276F1 /* LaunchScreen.storyboard */; };
		A7C74E7D2B51F735004276F1 /* RMLocation.swift in Sources */ = {isa = PBXBuildFile; fileRef = A7C74E7C2B51F735004276F1 /* RMLocation.swift */; };
		A7C74E7F2B51F748004276F1 /* RMCharacter.swift in Sources */ = {isa = PBXBuildFile; fileRef = A7C74E7E2B51F748004276F1 /* RMCharacter.swift */; };
		A7C74E812B51F759004276F1 /* RMEpisode.swift in Sources */ = {isa = PBXBuildFile; fileRef = A7C74E802B51F759004276F1 /* RMEpisode.swift */; };
		A7C74E842B51F845004276F1 /* RMCharacterViewController.swift in Sources */ = {isa = PBXBuildFile; fileRef = A7C74E832B51F845004276F1 /* RMCharacterViewController.swift */; };
		A7C74E862B51F865004276F1 /* RMLocationViewController.swift in Sources */ = {isa = PBXBuildFile; fileRef = A7C74E852B51F865004276F1 /* RMLocationViewController.swift */; };
		A7C74E882B51F87C004276F1 /* RMEpisodeViewController.swift in Sources */ = {isa = PBXBuildFile; fileRef = A7C74E872B51F87C004276F1 /* RMEpisodeViewController.swift */; };
		A7C74E8A2B51F88F004276F1 /* RMSettingsViewController.swift in Sources */ = {isa = PBXBuildFile; fileRef = A7C74E892B51F88F004276F1 /* RMSettingsViewController.swift */; };
		A7C74E8C2B52ED2A004276F1 /* RMService.swift in Sources */ = {isa = PBXBuildFile; fileRef = A7C74E8B2B52ED2A004276F1 /* RMService.swift */; };
		A7C74E8E2B52ED45004276F1 /* RMRequest.swift in Sources */ = {isa = PBXBuildFile; fileRef = A7C74E8D2B52ED45004276F1 /* RMRequest.swift */; };
		A7C74E902B52EE3D004276F1 /* RMEndpoint.swift in Sources */ = {isa = PBXBuildFile; fileRef = A7C74E8F2B52EE3D004276F1 /* RMEndpoint.swift */; };
/* End PBXBuildFile section */

/* Begin PBXFileReference section */
		A7C74E5E2B51F31A004276F1 /* RickyAndMorty.app */ = {isa = PBXFileReference; explicitFileType = wrapper.application; includeInIndex = 0; path = RickyAndMorty.app; sourceTree = BUILT_PRODUCTS_DIR; };
		A7C74E612B51F31A004276F1 /* AppDelegate.swift */ = {isa = PBXFileReference; lastKnownFileType = sourcecode.swift; path = AppDelegate.swift; sourceTree = "<group>"; };
		A7C74E632B51F31A004276F1 /* SceneDelegate.swift */ = {isa = PBXFileReference; lastKnownFileType = sourcecode.swift; path = SceneDelegate.swift; sourceTree = "<group>"; };
		A7C74E652B51F31A004276F1 /* RMTabViewController.swift */ = {isa = PBXFileReference; lastKnownFileType = sourcecode.swift; path = RMTabViewController.swift; sourceTree = "<group>"; };
		A7C74E6A2B51F31D004276F1 /* Assets.xcassets */ = {isa = PBXFileReference; lastKnownFileType = folder.assetcatalog; path = Assets.xcassets; sourceTree = "<group>"; };
		A7C74E6D2B51F31D004276F1 /* Base */ = {isa = PBXFileReference; lastKnownFileType = file.storyboard; name = Base; path = Base.lproj/LaunchScreen.storyboard; sourceTree = "<group>"; };
		A7C74E6F2B51F31D004276F1 /* Info.plist */ = {isa = PBXFileReference; lastKnownFileType = text.plist.xml; path = Info.plist; sourceTree = "<group>"; };
		A7C74E7C2B51F735004276F1 /* RMLocation.swift */ = {isa = PBXFileReference; lastKnownFileType = sourcecode.swift; path = RMLocation.swift; sourceTree = "<group>"; };
		A7C74E7E2B51F748004276F1 /* RMCharacter.swift */ = {isa = PBXFileReference; lastKnownFileType = sourcecode.swift; path = RMCharacter.swift; sourceTree = "<group>"; };
		A7C74E802B51F759004276F1 /* RMEpisode.swift */ = {isa = PBXFileReference; lastKnownFileType = sourcecode.swift; path = RMEpisode.swift; sourceTree = "<group>"; };
		A7C74E832B51F845004276F1 /* RMCharacterViewController.swift */ = {isa = PBXFileReference; lastKnownFileType = sourcecode.swift; path = RMCharacterViewController.swift; sourceTree = "<group>"; };
		A7C74E852B51F865004276F1 /* RMLocationViewController.swift */ = {isa = PBXFileReference; lastKnownFileType = sourcecode.swift; path = RMLocationViewController.swift; sourceTree = "<group>"; };
		A7C74E872B51F87C004276F1 /* RMEpisodeViewController.swift */ = {isa = PBXFileReference; lastKnownFileType = sourcecode.swift; path = RMEpisodeViewController.swift; sourceTree = "<group>"; };
		A7C74E892B51F88F004276F1 /* RMSettingsViewController.swift */ = {isa = PBXFileReference; lastKnownFileType = sourcecode.swift; path = RMSettingsViewController.swift; sourceTree = "<group>"; };
		A7C74E8B2B52ED2A004276F1 /* RMService.swift */ = {isa = PBXFileReference; lastKnownFileType = sourcecode.swift; path = RMService.swift; sourceTree = "<group>"; };
		A7C74E8D2B52ED45004276F1 /* RMRequest.swift */ = {isa = PBXFileReference; lastKnownFileType = sourcecode.swift; path = RMRequest.swift; sourceTree = "<group>"; };
		A7C74E8F2B52EE3D004276F1 /* RMEndpoint.swift */ = {isa = PBXFileReference; lastKnownFileType = sourcecode.swift; path = RMEndpoint.swift; sourceTree = "<group>"; };
/* End PBXFileReference section */

/* Begin PBXFrameworksBuildPhase section */
		A7C74E5B2B51F31A004276F1 /* Frameworks */ = {
			isa = PBXFrameworksBuildPhase;
			buildActionMask = 2147483647;
			files = (
			);
			runOnlyForDeploymentPostprocessing = 0;
		};
/* End PBXFrameworksBuildPhase section */

/* Begin PBXGroup section */
		A7C74E552B51F31A004276F1 = {
			isa = PBXGroup;
			children = (
				A7C74E602B51F31A004276F1 /* RickyAndMorty */,
				A7C74E5F2B51F31A004276F1 /* Products */,
			);
			sourceTree = "<group>";
		};
		A7C74E5F2B51F31A004276F1 /* Products */ = {
			isa = PBXGroup;
			children = (
				A7C74E5E2B51F31A004276F1 /* RickyAndMorty.app */,
			);
			name = Products;
			sourceTree = "<group>";
		};
		A7C74E602B51F31A004276F1 /* RickyAndMorty */ = {
			isa = PBXGroup;
			children = (
				A7C74E7B2B51F64E004276F1 /* Resources */,
				A7C74E7A2B51F643004276F1 /* Managers */,
				A7C74E792B51F62E004276F1 /* APIClient */,
				A7C74E782B51F60E004276F1 /* ViewModels */,
				A7C74E772B51F608004276F1 /* Views */,
				A7C74E762B51F5F1004276F1 /* Models */,
				A7C74E752B51F5E6004276F1 /* Controllers */,
				A7C74E6F2B51F31D004276F1 /* Info.plist */,
			);
			path = RickyAndMorty;
			sourceTree = "<group>";
		};
		A7C74E752B51F5E6004276F1 /* Controllers */ = {
			isa = PBXGroup;
			children = (
				A7C74E822B51F800004276F1 /* Core */,
			);
			path = Controllers;
			sourceTree = "<group>";
		};
		A7C74E762B51F5F1004276F1 /* Models */ = {
			isa = PBXGroup;
			children = (
				A7C74E7C2B51F735004276F1 /* RMLocation.swift */,
				A7C74E7E2B51F748004276F1 /* RMCharacter.swift */,
				A7C74E802B51F759004276F1 /* RMEpisode.swift */,
			);
			path = Models;
			sourceTree = "<group>";
		};
		A7C74E772B51F608004276F1 /* Views */ = {
			isa = PBXGroup;
			children = (
			);
			path = Views;
			sourceTree = "<group>";
		};
		A7C74E782B51F60E004276F1 /* ViewModels */ = {
			isa = PBXGroup;
			children = (
			);
			path = ViewModels;
			sourceTree = "<group>";
		};
		A7C74E792B51F62E004276F1 /* APIClient */ = {
			isa = PBXGroup;
			children = (
				A7C74E8B2B52ED2A004276F1 /* RMService.swift */,
				A7C74E8D2B52ED45004276F1 /* RMRequest.swift */,
				A7C74E8F2B52EE3D004276F1 /* RMEndpoint.swift */,
			);
			path = APIClient;
			sourceTree = "<group>";
		};
		A7C74E7A2B51F643004276F1 /* Managers */ = {
			isa = PBXGroup;
			children = (
			);
			path = Managers;
			sourceTree = "<group>";
		};
		A7C74E7B2B51F64E004276F1 /* Resources */ = {
			isa = PBXGroup;
			children = (
				A7C74E6A2B51F31D004276F1 /* Assets.xcassets */,
				A7C74E6C2B51F31D004276F1 /* LaunchScreen.storyboard */,
				A7C74E612B51F31A004276F1 /* AppDelegate.swift */,
				A7C74E632B51F31A004276F1 /* SceneDelegate.swift */,
			);
			path = Resources;
			sourceTree = "<group>";
		};
		A7C74E822B51F800004276F1 /* Core */ = {
			isa = PBXGroup;
			children = (
				A7C74E652B51F31A004276F1 /* RMTabViewController.swift */,
				A7C74E832B51F845004276F1 /* RMCharacterViewController.swift */,
				A7C74E852B51F865004276F1 /* RMLocationViewController.swift */,
				A7C74E872B51F87C004276F1 /* RMEpisodeViewController.swift */,
				A7C74E892B51F88F004276F1 /* RMSettingsViewController.swift */,
			);
			path = Core;
			sourceTree = "<group>";
		};
/* End PBXGroup section */

/* Begin PBXNativeTarget section */
		A7C74E5D2B51F31A004276F1 /* RickyAndMorty */ = {
			isa = PBXNativeTarget;
			buildConfigurationList = A7C74E722B51F31D004276F1 /* Build configuration list for PBXNativeTarget "RickyAndMorty" */;
			buildPhases = (
				A7C74E5A2B51F31A004276F1 /* Sources */,
				A7C74E5B2B51F31A004276F1 /* Frameworks */,
				A7C74E5C2B51F31A004276F1 /* Resources */,
			);
			buildRules = (
			);
			dependencies = (
			);
			name = RickyAndMorty;
			productName = RickyAndMorty;
			productReference = A7C74E5E2B51F31A004276F1 /* RickyAndMorty.app */;
			productType = "com.apple.product-type.application";
		};
/* End PBXNativeTarget section */

/* Begin PBXProject section */
		A7C74E562B51F31A004276F1 /* Project object */ = {
			isa = PBXProject;
			attributes = {
				BuildIndependentTargetsInParallel = 1;
				LastSwiftUpdateCheck = 1430;
				LastUpgradeCheck = 1430;
				TargetAttributes = {
					A7C74E5D2B51F31A004276F1 = {
						CreatedOnToolsVersion = 14.3.1;
					};
				};
			};
			buildConfigurationList = A7C74E592B51F31A004276F1 /* Build configuration list for PBXProject "RickyAndMorty" */;
			compatibilityVersion = "Xcode 14.0";
			developmentRegion = en;
			hasScannedForEncodings = 0;
			knownRegions = (
				en,
				Base,
			);
			mainGroup = A7C74E552B51F31A004276F1;
			productRefGroup = A7C74E5F2B51F31A004276F1 /* Products */;
			projectDirPath = "";
			projectRoot = "";
			targets = (
				A7C74E5D2B51F31A004276F1 /* RickyAndMorty */,
			);
		};
/* End PBXProject section */

/* Begin PBXResourcesBuildPhase section */
		A7C74E5C2B51F31A004276F1 /* Resources */ = {
			isa = PBXResourcesBuildPhase;
			buildActionMask = 2147483647;
			files = (
				A7C74E6E2B51F31D004276F1 /* LaunchScreen.storyboard in Resources */,
				A7C74E6B2B51F31D004276F1 /* Assets.xcassets in Resources */,
			);
			runOnlyForDeploymentPostprocessing = 0;
		};
/* End PBXResourcesBuildPhase section */

/* Begin PBXSourcesBuildPhase section */
		A7C74E5A2B51F31A004276F1 /* Sources */ = {
			isa = PBXSourcesBuildPhase;
			buildActionMask = 2147483647;
			files = (
				A7C74E862B51F865004276F1 /* RMLocationViewController.swift in Sources */,
				A7C74E812B51F759004276F1 /* RMEpisode.swift in Sources */,
				A7C74E662B51F31A004276F1 /* RMTabViewController.swift in Sources */,
				A7C74E882B51F87C004276F1 /* RMEpisodeViewController.swift in Sources */,
				A7C74E622B51F31A004276F1 /* AppDelegate.swift in Sources */,
				A7C74E642B51F31A004276F1 /* SceneDelegate.swift in Sources */,
				A7C74E8A2B51F88F004276F1 /* RMSettingsViewController.swift in Sources */,
				A7C74E8C2B52ED2A004276F1 /* RMService.swift in Sources */,
				A7C74E7D2B51F735004276F1 /* RMLocation.swift in Sources */,
				A7C74E902B52EE3D004276F1 /* RMEndpoint.swift in Sources */,
				A7C74E7F2B51F748004276F1 /* RMCharacter.swift in Sources */,
				A7C74E8E2B52ED45004276F1 /* RMRequest.swift in Sources */,
				A7C74E842B51F845004276F1 /* RMCharacterViewController.swift in Sources */,
			);
			runOnlyForDeploymentPostprocessing = 0;
		};
/* End PBXSourcesBuildPhase section */

/* Begin PBXVariantGroup section */
		A7C74E6C2B51F31D004276F1 /* LaunchScreen.storyboard */ = {
			isa = PBXVariantGroup;
			children = (
				A7C74E6D2B51F31D004276F1 /* Base */,
			);
			name = LaunchScreen.storyboard;
			sourceTree = "<group>";
		};
/* End PBXVariantGroup section */

/* Begin XCBuildConfiguration section */
		A7C74E702B51F31D004276F1 /* Debug */ = {
			isa = XCBuildConfiguration;
			buildSettings = {
				ALWAYS_SEARCH_USER_PATHS = NO;
				CLANG_ANALYZER_NONNULL = YES;
				CLANG_ANALYZER_NUMBER_OBJECT_CONVERSION = YES_AGGRESSIVE;
				CLANG_CXX_LANGUAGE_STANDARD = "gnu++20";
				CLANG_ENABLE_MODULES = YES;
				CLANG_ENABLE_OBJC_ARC = YES;
				CLANG_ENABLE_OBJC_WEAK = YES;
				CLANG_WARN_BLOCK_CAPTURE_AUTORELEASING = YES;
				CLANG_WARN_BOOL_CONVERSION = YES;
				CLANG_WARN_COMMA = YES;
				CLANG_WARN_CONSTANT_CONVERSION = YES;
				CLANG_WARN_DEPRECATED_OBJC_IMPLEMENTATIONS = YES;
				CLANG_WARN_DIRECT_OBJC_ISA_USAGE = YES_ERROR;
				CLANG_WARN_DOCUMENTATION_COMMENTS = YES;
				CLANG_WARN_EMPTY_BODY = YES;
				CLANG_WARN_ENUM_CONVERSION = YES;
				CLANG_WARN_INFINITE_RECURSION = YES;
				CLANG_WARN_INT_CONVERSION = YES;
				CLANG_WARN_NON_LITERAL_NULL_CONVERSION = YES;
				CLANG_WARN_OBJC_IMPLICIT_RETAIN_SELF = YES;
				CLANG_WARN_OBJC_LITERAL_CONVERSION = YES;
				CLANG_WARN_OBJC_ROOT_CLASS = YES_ERROR;
				CLANG_WARN_QUOTED_INCLUDE_IN_FRAMEWORK_HEADER = YES;
				CLANG_WARN_RANGE_LOOP_ANALYSIS = YES;
				CLANG_WARN_STRICT_PROTOTYPES = YES;
				CLANG_WARN_SUSPICIOUS_MOVE = YES;
				CLANG_WARN_UNGUARDED_AVAILABILITY = YES_AGGRESSIVE;
				CLANG_WARN_UNREACHABLE_CODE = YES;
				CLANG_WARN__DUPLICATE_METHOD_MATCH = YES;
				COPY_PHASE_STRIP = NO;
				DEBUG_INFORMATION_FORMAT = dwarf;
				ENABLE_STRICT_OBJC_MSGSEND = YES;
				ENABLE_TESTABILITY = YES;
				GCC_C_LANGUAGE_STANDARD = gnu11;
				GCC_DYNAMIC_NO_PIC = NO;
				GCC_NO_COMMON_BLOCKS = YES;
				GCC_OPTIMIZATION_LEVEL = 0;
				GCC_PREPROCESSOR_DEFINITIONS = (
					"DEBUG=1",
					"$(inherited)",
				);
				GCC_WARN_64_TO_32_BIT_CONVERSION = YES;
				GCC_WARN_ABOUT_RETURN_TYPE = YES_ERROR;
				GCC_WARN_UNDECLARED_SELECTOR = YES;
				GCC_WARN_UNINITIALIZED_AUTOS = YES_AGGRESSIVE;
				GCC_WARN_UNUSED_FUNCTION = YES;
				GCC_WARN_UNUSED_VARIABLE = YES;
				IPHONEOS_DEPLOYMENT_TARGET = 16.4;
				MTL_ENABLE_DEBUG_INFO = INCLUDE_SOURCE;
				MTL_FAST_MATH = YES;
				ONLY_ACTIVE_ARCH = YES;
				SDKROOT = iphoneos;
				SWIFT_ACTIVE_COMPILATION_CONDITIONS = DEBUG;
				SWIFT_OPTIMIZATION_LEVEL = "-Onone";
			};
			name = Debug;
		};
		A7C74E712B51F31D004276F1 /* Release */ = {
			isa = XCBuildConfiguration;
			buildSettings = {
				ALWAYS_SEARCH_USER_PATHS = NO;
				CLANG_ANALYZER_NONNULL = YES;
				CLANG_ANALYZER_NUMBER_OBJECT_CONVERSION = YES_AGGRESSIVE;
				CLANG_CXX_LANGUAGE_STANDARD = "gnu++20";
				CLANG_ENABLE_MODULES = YES;
				CLANG_ENABLE_OBJC_ARC = YES;
				CLANG_ENABLE_OBJC_WEAK = YES;
				CLANG_WARN_BLOCK_CAPTURE_AUTORELEASING = YES;
				CLANG_WARN_BOOL_CONVERSION = YES;
				CLANG_WARN_COMMA = YES;
				CLANG_WARN_CONSTANT_CONVERSION = YES;
				CLANG_WARN_DEPRECATED_OBJC_IMPLEMENTATIONS = YES;
				CLANG_WARN_DIRECT_OBJC_ISA_USAGE = YES_ERROR;
				CLANG_WARN_DOCUMENTATION_COMMENTS = YES;
				CLANG_WARN_EMPTY_BODY = YES;
				CLANG_WARN_ENUM_CONVERSION = YES;
				CLANG_WARN_INFINITE_RECURSION = YES;
				CLANG_WARN_INT_CONVERSION = YES;
				CLANG_WARN_NON_LITERAL_NULL_CONVERSION = YES;
				CLANG_WARN_OBJC_IMPLICIT_RETAIN_SELF = YES;
				CLANG_WARN_OBJC_LITERAL_CONVERSION = YES;
				CLANG_WARN_OBJC_ROOT_CLASS = YES_ERROR;
				CLANG_WARN_QUOTED_INCLUDE_IN_FRAMEWORK_HEADER = YES;
				CLANG_WARN_RANGE_LOOP_ANALYSIS = YES;
				CLANG_WARN_STRICT_PROTOTYPES = YES;
				CLANG_WARN_SUSPICIOUS_MOVE = YES;
				CLANG_WARN_UNGUARDED_AVAILABILITY = YES_AGGRESSIVE;
				CLANG_WARN_UNREACHABLE_CODE = YES;
				CLANG_WARN__DUPLICATE_METHOD_MATCH = YES;
				COPY_PHASE_STRIP = NO;
				DEBUG_INFORMATION_FORMAT = "dwarf-with-dsym";
				ENABLE_NS_ASSERTIONS = NO;
				ENABLE_STRICT_OBJC_MSGSEND = YES;
				GCC_C_LANGUAGE_STANDARD = gnu11;
				GCC_NO_COMMON_BLOCKS = YES;
				GCC_WARN_64_TO_32_BIT_CONVERSION = YES;
				GCC_WARN_ABOUT_RETURN_TYPE = YES_ERROR;
				GCC_WARN_UNDECLARED_SELECTOR = YES;
				GCC_WARN_UNINITIALIZED_AUTOS = YES_AGGRESSIVE;
				GCC_WARN_UNUSED_FUNCTION = YES;
				GCC_WARN_UNUSED_VARIABLE = YES;
				IPHONEOS_DEPLOYMENT_TARGET = 16.4;
				MTL_ENABLE_DEBUG_INFO = NO;
				MTL_FAST_MATH = YES;
				SDKROOT = iphoneos;
				SWIFT_COMPILATION_MODE = wholemodule;
				SWIFT_OPTIMIZATION_LEVEL = "-O";
				VALIDATE_PRODUCT = YES;
			};
			name = Release;
		};
		A7C74E732B51F31D004276F1 /* Debug */ = {
			isa = XCBuildConfiguration;
			buildSettings = {
				ASSETCATALOG_COMPILER_APPICON_NAME = AppIcon;
				ASSETCATALOG_COMPILER_GLOBAL_ACCENT_COLOR_NAME = AccentColor;
				CODE_SIGN_STYLE = Automatic;
				CURRENT_PROJECT_VERSION = 1;
				GENERATE_INFOPLIST_FILE = YES;
				INFOPLIST_FILE = RickyAndMorty/Info.plist;
				INFOPLIST_KEY_UIApplicationSupportsIndirectInputEvents = YES;
				INFOPLIST_KEY_UILaunchStoryboardName = LaunchScreen;
				INFOPLIST_KEY_UISupportedInterfaceOrientations_iPad = "UIInterfaceOrientationPortrait UIInterfaceOrientationPortraitUpsideDown UIInterfaceOrientationLandscapeLeft UIInterfaceOrientationLandscapeRight";
				INFOPLIST_KEY_UISupportedInterfaceOrientations_iPhone = "UIInterfaceOrientationPortrait UIInterfaceOrientationLandscapeLeft UIInterfaceOrientationLandscapeRight";
				LD_RUNPATH_SEARCH_PATHS = (
					"$(inherited)",
					"@executable_path/Frameworks",
				);
				MARKETING_VERSION = 1.0;
				PRODUCT_BUNDLE_IDENTIFIER = com.testing.RickyAndMorty;
				PRODUCT_NAME = "$(TARGET_NAME)";
				SWIFT_EMIT_LOC_STRINGS = YES;
				SWIFT_VERSION = 5.0;
				TARGETED_DEVICE_FAMILY = "1,2";
			};
			name = Debug;
		};
		A7C74E742B51F31D004276F1 /* Release */ = {
			isa = XCBuildConfiguration;
			buildSettings = {
				ASSETCATALOG_COMPILER_APPICON_NAME = AppIcon;
				ASSETCATALOG_COMPILER_GLOBAL_ACCENT_COLOR_NAME = AccentColor;
				CODE_SIGN_STYLE = Automatic;
				CURRENT_PROJECT_VERSION = 1;
				GENERATE_INFOPLIST_FILE = YES;
				INFOPLIST_FILE = RickyAndMorty/Info.plist;
				INFOPLIST_KEY_UIApplicationSupportsIndirectInputEvents = YES;
				INFOPLIST_KEY_UILaunchStoryboardName = LaunchScreen;
				INFOPLIST_KEY_UISupportedInterfaceOrientations_iPad = "UIInterfaceOrientationPortrait UIInterfaceOrientationPortraitUpsideDown UIInterfaceOrientationLandscapeLeft UIInterfaceOrientationLandscapeRight";
				INFOPLIST_KEY_UISupportedInterfaceOrientations_iPhone = "UIInterfaceOrientationPortrait UIInterfaceOrientationLandscapeLeft UIInterfaceOrientationLandscapeRight";
				LD_RUNPATH_SEARCH_PATHS = (
					"$(inherited)",
					"@executable_path/Frameworks",
				);
				MARKETING_VERSION = 1.0;
				PRODUCT_BUNDLE_IDENTIFIER = com.testing.RickyAndMorty;
				PRODUCT_NAME = "$(TARGET_NAME)";
				SWIFT_EMIT_LOC_STRINGS = YES;
				SWIFT_VERSION = 5.0;
				TARGETED_DEVICE_FAMILY = "1,2";
			};
			name = Release;
		};
/* End XCBuildConfiguration section */

/* Begin XCConfigurationList section */
		A7C74E592B51F31A004276F1 /* Build configuration list for PBXProject "RickyAndMorty" */ = {
			isa = XCConfigurationList;
			buildConfigurations = (
				A7C74E702B51F31D004276F1 /* Debug */,
				A7C74E712B51F31D004276F1 /* Release */,
			);
			defaultConfigurationIsVisible = 0;
			defaultConfigurationName = Release;
		};
		A7C74E722B51F31D004276F1 /* Build configuration list for PBXNativeTarget "RickyAndMorty" */ = {
			isa = XCConfigurationList;
			buildConfigurations = (
				A7C74E732B51F31D004276F1 /* Debug */,
				A7C74E742B51F31D004276F1 /* Release */,
			);
			defaultConfigurationIsVisible = 0;
			defaultConfigurationName = Release;
		};
/* End XCConfigurationList section */
	};
	rootObject = A7C74E562B51F31A004276F1 /* Project object */;
}
